
Microsoft Visual Studio Solution File, Format Version 12.00
# Visual Studio Version 16
VisualStudioVersion = 16.0.30717.126
MinimumVisualStudioVersion = 10.0.40219.1
Project("{FAE04EC0-301F-11D3-BF4B-00C04F79EFBC}") = "Systemblockchain", "Systemblockchain\Systemblockchain.csproj", "{E849E6CE-11CA-47B1-8E6B-B037E1B54824}"
EndProject
Project("{54435603-DBB4-11D2-8724-00A0C9A8B90C}") = "Instalador", "Instalador\Instalador\Instalador.vdproj", "{6F5A0290-E32D-4219-A92D-3B1BE919B411}"
EndProject
Global
	GlobalSection(SolutionConfigurationPlatforms) = preSolution
		Debug|Any CPU = Debug|Any CPU
		Release|Any CPU = Release|Any CPU
	EndGlobalSection
	GlobalSection(ProjectConfigurationPlatforms) = postSolution
		{E849E6CE-11CA-47B1-8E6B-B037E1B54824}.Debug|Any CPU.ActiveCfg = Debug|Any CPU
		{E849E6CE-11CA-47B1-8E6B-B037E1B54824}.Debug|Any CPU.Build.0 = Debug|Any CPU
		{E849E6CE-11CA-47B1-8E6B-B037E1B54824}.Release|Any CPU.ActiveCfg = Release|Any CPU
		{E849E6CE-11CA-47B1-8E6B-B037E1B54824}.Release|Any CPU.Build.0 = Release|Any CPU
		{6F5A0290-E32D-4219-A92D-3B1BE919B411}.Debug|Any CPU.ActiveCfg = Debug
		{6F5A0290-E32D-4219-A92D-3B1BE919B411}.Release|Any CPU.ActiveCfg = Release
	EndGlobalSection
	GlobalSection(SolutionProperties) = preSolution
		HideSolutionNode = FALSE
	EndGlobalSection
	GlobalSection(ExtensibilityGlobals) = postSolution
		SolutionGuid = {6FA2ADEC-034B-4CF9-9008-0F6976E1C660}
	EndGlobalSection
EndGlobal
